
Microsoft Visual Studio Solution File, Format Version 12.00
# Visual Studio Version 17
VisualStudioVersion = 17.12.35707.178
MinimumVisualStudioVersion = 10.0.40219.1
Project("{2150E333-8FDC-42A3-9474-1A3956D46DE8}") = "Services", "Services", "{5298C58C-D4A9-46C5-8428-DEF2BDAD87AF}"
EndProject
Project("{2150E333-8FDC-42A3-9474-1A3956D46DE8}") = "Catalog", "Catalog", "{0ACDE06F-0CE1-4043-9413-C11E4D722400}"
EndProject
Project("{2150E333-8FDC-42A3-9474-1A3956D46DE8}") = "BuildingBlocks", "BuildingBlocks", "{F7805D7F-6D02-41FD-85C8-5C1D9CA8E21D}"
EndProject
Project("{FAE04EC0-301F-11D3-BF4B-00C04F79EFBC}") = "BuildingBlocks", "BuildingBlocks\BuildingBlocks\BuildingBlocks.csproj", "{6C49B16A-BA21-4BA7-8031-F97A21DD2ED6}"
EndProject
Project("{E53339B2-1760-4266-BCC7-CA923CBCF16C}") = "docker-compose", "docker-compose.dcproj", "{B007A20F-6810-4B42-9E47-14D458F01C58}"
EndProject
Project("{2150E333-8FDC-42A3-9474-1A3956D46DE8}") = "Basket", "Basket", "{02EA681E-C7D8-13C7-8484-4AC65E1B71E8}"
EndProject
Project("{FAE04EC0-301F-11D3-BF4B-00C04F79EFBC}") = "Basket.API", "Services\Basket\Basket.API\Basket.API.csproj", "{A7CE1BEA-4195-760B-8C09-457FB57B8416}"
EndProject
Project("{FAE04EC0-301F-11D3-BF4B-00C04F79EFBC}") = "Catalog.API", "Services\Catalog\Catalog.API\Catalog.API.csproj", "{33FC5A32-CDDC-EE43-9CA6-483EA2BFBE99}"
EndProject
Project("{2150E333-8FDC-42A3-9474-1A3956D46DE8}") = "Discount", "Discount", "{420A47ED-6D05-4E1B-A9BC-4C461A151397}"
EndProject
Project("{FAE04EC0-301F-11D3-BF4B-00C04F79EFBC}") = "Discount.Grpc", "Services\Discount\Discount.Grpc\Discount.Grpc.csproj", "{17EF3E46-7436-42DF-B46E-73CC04E5D173}"
EndProject
Project("{2150E333-8FDC-42A3-9474-1A3956D46DE8}") = "Ordering", "Ordering", "{A0C25603-3059-45BF-BFCC-9EF8A9CD7238}"
EndProject
Project("{FAE04EC0-301F-11D3-BF4B-00C04F79EFBC}") = "Ordering.API", "Services\Ordering\Ordering.API\Ordering.API.csproj", "{37FF09FD-BC91-4A88-812E-178C87F8EC07}"
EndProject
Project("{FAE04EC0-301F-11D3-BF4B-00C04F79EFBC}") = "Ordering.Domain", "Services\Ordering\Ordering.Domain\Ordering.Domain.csproj", "{AF622584-DDA9-4E3C-8342-ECDF23AAA36C}"
EndProject
Project("{FAE04EC0-301F-11D3-BF4B-00C04F79EFBC}") = "Ordering.Application", "Services\Ordering\Ordering.Application\Ordering.Application.csproj", "{B1D1572F-766A-46DF-AA56-37C1B3D8E4C0}"
EndProject
Project("{FAE04EC0-301F-11D3-BF4B-00C04F79EFBC}") = "Ordering.Infrastructure", "Services\Ordering\Ordering.Infrastructure\Ordering.Infrastructure.csproj", "{D7F9EE00-B43F-4D90-932D-991886F2C41B}"
EndProject
Project("{FAE04EC0-301F-11D3-BF4B-00C04F79EFBC}") = "BuildingBlocks.Messaging", "BuildingBlocks\BuildingBlocks.Messaging\BuildingBlocks.Messaging.csproj", "{CFBC9741-269D-4136-A089-8376C2DC3B00}"
EndProject
Global
	GlobalSection(SolutionConfigurationPlatforms) = preSolution
		Debug|Any CPU = Debug|Any CPU
		Release|Any CPU = Release|Any CPU
	EndGlobalSection
	GlobalSection(ProjectConfigurationPlatforms) = postSolution
		{6C49B16A-BA21-4BA7-8031-F97A21DD2ED6}.Debug|Any CPU.ActiveCfg = Debug|Any CPU
		{6C49B16A-BA21-4BA7-8031-F97A21DD2ED6}.Debug|Any CPU.Build.0 = Debug|Any CPU
		{6C49B16A-BA21-4BA7-8031-F97A21DD2ED6}.Release|Any CPU.ActiveCfg = Release|Any CPU
		{6C49B16A-BA21-4BA7-8031-F97A21DD2ED6}.Release|Any CPU.Build.0 = Release|Any CPU
		{B007A20F-6810-4B42-9E47-14D458F01C58}.Debug|Any CPU.ActiveCfg = Debug|Any CPU
		{B007A20F-6810-4B42-9E47-14D458F01C58}.Debug|Any CPU.Build.0 = Debug|Any CPU
		{B007A20F-6810-4B42-9E47-14D458F01C58}.Release|Any CPU.ActiveCfg = Release|Any CPU
		{B007A20F-6810-4B42-9E47-14D458F01C58}.Release|Any CPU.Build.0 = Release|Any CPU
		{A7CE1BEA-4195-760B-8C09-457FB57B8416}.Debug|Any CPU.ActiveCfg = Debug|Any CPU
		{A7CE1BEA-4195-760B-8C09-457FB57B8416}.Debug|Any CPU.Build.0 = Debug|Any CPU
		{A7CE1BEA-4195-760B-8C09-457FB57B8416}.Release|Any CPU.ActiveCfg = Release|Any CPU
		{A7CE1BEA-4195-760B-8C09-457FB57B8416}.Release|Any CPU.Build.0 = Release|Any CPU
		{33FC5A32-CDDC-EE43-9CA6-483EA2BFBE99}.Debug|Any CPU.ActiveCfg = Debug|Any CPU
		{33FC5A32-CDDC-EE43-9CA6-483EA2BFBE99}.Debug|Any CPU.Build.0 = Debug|Any CPU
		{33FC5A32-CDDC-EE43-9CA6-483EA2BFBE99}.Release|Any CPU.ActiveCfg = Release|Any CPU
		{33FC5A32-CDDC-EE43-9CA6-483EA2BFBE99}.Release|Any CPU.Build.0 = Release|Any CPU
		{17EF3E46-7436-42DF-B46E-73CC04E5D173}.Debug|Any CPU.ActiveCfg = Debug|Any CPU
		{17EF3E46-7436-42DF-B46E-73CC04E5D173}.Debug|Any CPU.Build.0 = Debug|Any CPU
		{17EF3E46-7436-42DF-B46E-73CC04E5D173}.Release|Any CPU.ActiveCfg = Release|Any CPU
		{17EF3E46-7436-42DF-B46E-73CC04E5D173}.Release|Any CPU.Build.0 = Release|Any CPU
		{37FF09FD-BC91-4A88-812E-178C87F8EC07}.Debug|Any CPU.ActiveCfg = Debug|Any CPU
		{37FF09FD-BC91-4A88-812E-178C87F8EC07}.Debug|Any CPU.Build.0 = Debug|Any CPU
		{37FF09FD-BC91-4A88-812E-178C87F8EC07}.Release|Any CPU.ActiveCfg = Release|Any CPU
		{37FF09FD-BC91-4A88-812E-178C87F8EC07}.Release|Any CPU.Build.0 = Release|Any CPU
		{AF622584-DDA9-4E3C-8342-ECDF23AAA36C}.Debug|Any CPU.ActiveCfg = Debug|Any CPU
		{AF622584-DDA9-4E3C-8342-ECDF23AAA36C}.Debug|Any CPU.Build.0 = Debug|Any CPU
		{AF622584-DDA9-4E3C-8342-ECDF23AAA36C}.Release|Any CPU.ActiveCfg = Release|Any CPU
		{AF622584-DDA9-4E3C-8342-ECDF23AAA36C}.Release|Any CPU.Build.0 = Release|Any CPU
		{B1D1572F-766A-46DF-AA56-37C1B3D8E4C0}.Debug|Any CPU.ActiveCfg = Debug|Any CPU
		{B1D1572F-766A-46DF-AA56-37C1B3D8E4C0}.Debug|Any CPU.Build.0 = Debug|Any CPU
		{B1D1572F-766A-46DF-AA56-37C1B3D8E4C0}.Release|Any CPU.ActiveCfg = Release|Any CPU
		{B1D1572F-766A-46DF-AA56-37C1B3D8E4C0}.Release|Any CPU.Build.0 = Release|Any CPU
		{D7F9EE00-B43F-4D90-932D-991886F2C41B}.Debug|Any CPU.ActiveCfg = Debug|Any CPU
		{D7F9EE00-B43F-4D90-932D-991886F2C41B}.Debug|Any CPU.Build.0 = Debug|Any CPU
		{D7F9EE00-B43F-4D90-932D-991886F2C41B}.Release|Any CPU.ActiveCfg = Release|Any CPU
		{D7F9EE00-B43F-4D90-932D-991886F2C41B}.Release|Any CPU.Build.0 = Release|Any CPU
		{CFBC9741-269D-4136-A089-8376C2DC3B00}.Debug|Any CPU.ActiveCfg = Debug|Any CPU
		{CFBC9741-269D-4136-A089-8376C2DC3B00}.Debug|Any CPU.Build.0 = Debug|Any CPU
		{CFBC9741-269D-4136-A089-8376C2DC3B00}.Release|Any CPU.ActiveCfg = Release|Any CPU
		{CFBC9741-269D-4136-A089-8376C2DC3B00}.Release|Any CPU.Build.0 = Release|Any CPU
	EndGlobalSection
	GlobalSection(SolutionProperties) = preSolution
		HideSolutionNode = FALSE
	EndGlobalSection
	GlobalSection(NestedProjects) = preSolution
		{0ACDE06F-0CE1-4043-9413-C11E4D722400} = {5298C58C-D4A9-46C5-8428-DEF2BDAD87AF}
		{6C49B16A-BA21-4BA7-8031-F97A21DD2ED6} = {F7805D7F-6D02-41FD-85C8-5C1D9CA8E21D}
		{02EA681E-C7D8-13C7-8484-4AC65E1B71E8} = {5298C58C-D4A9-46C5-8428-DEF2BDAD87AF}
		{A7CE1BEA-4195-760B-8C09-457FB57B8416} = {02EA681E-C7D8-13C7-8484-4AC65E1B71E8}
		{33FC5A32-CDDC-EE43-9CA6-483EA2BFBE99} = {0ACDE06F-0CE1-4043-9413-C11E4D722400}
		{420A47ED-6D05-4E1B-A9BC-4C461A151397} = {5298C58C-D4A9-46C5-8428-DEF2BDAD87AF}
		{17EF3E46-7436-42DF-B46E-73CC04E5D173} = {420A47ED-6D05-4E1B-A9BC-4C461A151397}
		{A0C25603-3059-45BF-BFCC-9EF8A9CD7238} = {5298C58C-D4A9-46C5-8428-DEF2BDAD87AF}
		{37FF09FD-BC91-4A88-812E-178C87F8EC07} = {A0C25603-3059-45BF-BFCC-9EF8A9CD7238}
		{AF622584-DDA9-4E3C-8342-ECDF23AAA36C} = {A0C25603-3059-45BF-BFCC-9EF8A9CD7238}
		{B1D1572F-766A-46DF-AA56-37C1B3D8E4C0} = {A0C25603-3059-45BF-BFCC-9EF8A9CD7238}
		{D7F9EE00-B43F-4D90-932D-991886F2C41B} = {A0C25603-3059-45BF-BFCC-9EF8A9CD7238}
		{CFBC9741-269D-4136-A089-8376C2DC3B00} = {F7805D7F-6D02-41FD-85C8-5C1D9CA8E21D}
	EndGlobalSection
	GlobalSection(ExtensibilityGlobals) = postSolution
		SolutionGuid = {7BDB1A07-DC77-46B4-AD63-CDC4B09328E6}
	EndGlobalSection
EndGlobal
